
Microsoft Visual Studio Solution File, Format Version 12.00
# Visual Studio 15
Project("{FAE04EC0-301F-11D3-BF4B-00C04F79EFBC}") = "Mytv", "Mytv\Mytv.csproj", "{56636AF9-E4B8-48AF-AA51-5BED5919A8BC}"
EndProject
Global
	GlobalSection(SolutionConfigurationPlatforms) = preSolution
		Debug|Any CPU = Debug|Any CPU
		Release|Any CPU = Release|Any CPU
	EndGlobalSection
	GlobalSection(ProjectConfigurationPlatforms) = postSolution
		{56636AF9-E4B8-48AF-AA51-5BED5919A8BC}.Debug|Any CPU.ActiveCfg = Debug|Any CPU
		{56636AF9-E4B8-48AF-AA51-5BED5919A8BC}.Debug|Any CPU.Build.0 = Debug|Any CPU
		{56636AF9-E4B8-48AF-AA51-5BED5919A8BC}.Release|Any CPU.ActiveCfg = Release|Any CPU
		{56636AF9-E4B8-48AF-AA51-5BED5919A8BC}.Release|Any CPU.Build.0 = Release|Any CPU
	EndGlobalSection
EndGlobal
